Microsoft Visual Studio Solution File, Format Version 9.00
# Visual C++ Express 2005
Project("{8BC9CEB8-8B4A-11D0-8D11-00A0C91BC942}") = "apppsclient", "apppsclient.vcproj", "{FEAFE33B-F1B6-42F9-55F1-7E6413431BF1}"
EndProject
Project("{8BC9CEB8-8B4A-11D0-8D11-00A0C91BC942}") = "apppsnpcclient", "apppsnpcclient.vcproj", "{D7B7BACC-11C8-CED6-DEEF-7CE8B0C8175E}"
EndProject
Project("{8BC9CEB8-8B4A-11D0-8D11-00A0C91BC942}") = "apppsserver", "apppsserver.vcproj", "{8783816D-CE3F-5245-D95F-1D459D5A9FD5}"
EndProject
Project("{8BC9CEB8-8B4A-11D0-8D11-00A0C91BC942}") = "grpall_pstypical", "grpall_pstypical.vcproj", "{2E2C8E39-B6EC-611F-FD00-1AF489F427F6}"
EndProject
Project("{8BC9CEB8-8B4A-11D0-8D11-00A0C91BC942}") = "grpapps_pstypical", "grpapps_pstypical.vcproj", "{54E717FD-1E32-4737-283B-F8EC3D55A60B}"
EndProject
Project("{8BC9CEB8-8B4A-11D0-8D11-00A0C91BC942}") = "grpclient_pstypical", "grpclient_pstypical.vcproj", "{85098870-AAFB-02B7-7CC4-D55B92503009}"
EndProject
Project("{8BC9CEB8-8B4A-11D0-8D11-00A0C91BC942}") = "grplibs_pstypical", "grplibs_pstypical.vcproj", "{4BFC8AEF-865D-48F0-4F52-A4368CACCD7C}"
EndProject
Project("{8BC9CEB8-8B4A-11D0-8D11-00A0C91BC942}") = "grpplugins_pstypical", "grpplugins_pstypical.vcproj", "{8A10F246-B625-AFC6-8F33-4B13D92E2BEF}"
EndProject
Project("{8BC9CEB8-8B4A-11D0-8D11-00A0C91BC942}") = "grpserver_pstypical", "grpserver_pstypical.vcproj", "{B2FA6B12-DFA3-38AD-47A5-D0D41A483D01}"
EndProject
Project("{8BC9CEB8-8B4A-11D0-8D11-00A0C91BC942}") = "grptools_pstypical", "grptools_pstypical.vcproj", "{C871293C-0F47-8126-8458-FA24A10847D5}"
EndProject
Project("{8BC9CEB8-8B4A-11D0-8D11-00A0C91BC942}") = "libbulkobjects", "libbulkobjects.vcproj", "{44689D68-F60B-F78C-02E4-1659987614BD}"
EndProject
Project("{8BC9CEB8-8B4A-11D0-8D11-00A0C91BC942}") = "libeffects", "libeffects.vcproj", "{A04BE757-E4C1-A003-8FDB-47430BC64269}"
EndProject
Project("{8BC9CEB8-8B4A-11D0-8D11-00A0C91BC942}") = "libfparser", "libfparser.vcproj", "{56CFA369-1F2F-7609-9E86-069C1B5F5651}"
EndProject
Project("{8BC9CEB8-8B4A-11D0-8D11-00A0C91BC942}") = "libgui", "libgui.vcproj", "{CB174702-BB9B-E18A-7352-E9B7326EB494}"
EndProject
Project("{8BC9CEB8-8B4A-11D0-8D11-00A0C91BC942}") = "libpaws", "libpaws.vcproj", "{50E607EE-8026-ADD6-213E-6EE7F95FDFB1}"
EndProject
Project("{8BC9CEB8-8B4A-11D0-8D11-00A0C91BC942}") = "libpsengine", "libpsengine.vcproj", "{8B42FE9F-3E16-6CD1-D6C2-A04C37417888}"
EndProject
Project("{8BC9CEB8-8B4A-11D0-8D11-00A0C91BC942}") = "libpsnet", "libpsnet.vcproj", "{DCD16C71-CB69-046C-3AF4-8BBDA8CD0361}"
EndProject
Project("{8BC9CEB8-8B4A-11D0-8D11-00A0C91BC942}") = "libpsrpgrules", "libpsrpgrules.vcproj", "{4B7B2CDB-4DE7-2E3D-0FF6-EA8AC90E4A27}"
EndProject
Project("{8BC9CEB8-8B4A-11D0-8D11-00A0C91BC942}") = "libpssound", "libpssound.vcproj", "{C0CD3069-8659-1151-26AC-40C98186358B}"
EndProject
Project("{8BC9CEB8-8B4A-11D0-8D11-00A0C91BC942}") = "libpsutil", "libpsutil.vcproj", "{D9DEA6DD-ED82-1526-6BBF-851FF399854C}"
EndProject
Project("{8BC9CEB8-8B4A-11D0-8D11-00A0C91BC942}") = "plgdbmysql", "plgdbmysql.vcproj", "{44F637AC-3D1B-9DC4-22C0-3F216BF1EB41}"
EndProject
Global
	GlobalSection(SolutionConfiguration) = preSolution
		ConfigName.0 = Release
		ConfigName.1 = Debug
		ConfigName.2 = MemoryTracker
		ConfigName.3 = RefTracker
		ConfigName.4 = DebugPSReleaseCSCEL
	EndGlobalSection
	GlobalSection(ProjectDependencies) = postSolution
		{FEAFE33B-F1B6-42F9-55F1-7E6413431BF1}.0 = {A04BE757-E4C1-A003-8FDB-47430BC64269}
		{FEAFE33B-F1B6-42F9-55F1-7E6413431BF1}.1 = {56CFA369-1F2F-7609-9E86-069C1B5F5651}
		{FEAFE33B-F1B6-42F9-55F1-7E6413431BF1}.2 = {CB174702-BB9B-E18A-7352-E9B7326EB494}
		{FEAFE33B-F1B6-42F9-55F1-7E6413431BF1}.3 = {50E607EE-8026-ADD6-213E-6EE7F95FDFB1}
		{FEAFE33B-F1B6-42F9-55F1-7E6413431BF1}.4 = {8B42FE9F-3E16-6CD1-D6C2-A04C37417888}
		{FEAFE33B-F1B6-42F9-55F1-7E6413431BF1}.5 = {DCD16C71-CB69-046C-3AF4-8BBDA8CD0361}
		{FEAFE33B-F1B6-42F9-55F1-7E6413431BF1}.6 = {4B7B2CDB-4DE7-2E3D-0FF6-EA8AC90E4A27}
		{FEAFE33B-F1B6-42F9-55F1-7E6413431BF1}.7 = {C0CD3069-8659-1151-26AC-40C98186358B}
		{FEAFE33B-F1B6-42F9-55F1-7E6413431BF1}.8 = {D9DEA6DD-ED82-1526-6BBF-851FF399854C}
		{D7B7BACC-11C8-CED6-DEEF-7CE8B0C8175E}.0 = {56CFA369-1F2F-7609-9E86-069C1B5F5651}
		{D7B7BACC-11C8-CED6-DEEF-7CE8B0C8175E}.1 = {8B42FE9F-3E16-6CD1-D6C2-A04C37417888}
		{D7B7BACC-11C8-CED6-DEEF-7CE8B0C8175E}.2 = {DCD16C71-CB69-046C-3AF4-8BBDA8CD0361}
		{D7B7BACC-11C8-CED6-DEEF-7CE8B0C8175E}.3 = {4B7B2CDB-4DE7-2E3D-0FF6-EA8AC90E4A27}
		{D7B7BACC-11C8-CED6-DEEF-7CE8B0C8175E}.4 = {D9DEA6DD-ED82-1526-6BBF-851FF399854C}
		{8783816D-CE3F-5245-D95F-1D459D5A9FD5}.0 = {44689D68-F60B-F78C-02E4-1659987614BD}
		{8783816D-CE3F-5245-D95F-1D459D5A9FD5}.1 = {56CFA369-1F2F-7609-9E86-069C1B5F5651}
		{8783816D-CE3F-5245-D95F-1D459D5A9FD5}.2 = {8B42FE9F-3E16-6CD1-D6C2-A04C37417888}
		{8783816D-CE3F-5245-D95F-1D459D5A9FD5}.3 = {DCD16C71-CB69-046C-3AF4-8BBDA8CD0361}
		{8783816D-CE3F-5245-D95F-1D459D5A9FD5}.4 = {4B7B2CDB-4DE7-2E3D-0FF6-EA8AC90E4A27}
		{8783816D-CE3F-5245-D95F-1D459D5A9FD5}.5 = {D9DEA6DD-ED82-1526-6BBF-851FF399854C}
		{50E607EE-8026-ADD6-213E-6EE7F95FDFB1}.0 = {D9DEA6DD-ED82-1526-6BBF-851FF399854C}
		{C0CD3069-8659-1151-26AC-40C98186358B}.0 = {D9DEA6DD-ED82-1526-6BBF-851FF399854C}
		{44F637AC-3D1B-9DC4-22C0-3F216BF1EB41}.0 = {D9DEA6DD-ED82-1526-6BBF-851FF399854C}
	EndGlobalSection
	GlobalSection(ProjectConfiguration) = postSolution
		{FEAFE33B-F1B6-42F9-55F1-7E6413431BF1}.Release.ActiveCfg = Release|Win32
		{FEAFE33B-F1B6-42F9-55F1-7E6413431BF1}.Release.Build.0 = Release|Win32
		{FEAFE33B-F1B6-42F9-55F1-7E6413431BF1}.Debug.ActiveCfg = Debug|Win32
		{FEAFE33B-F1B6-42F9-55F1-7E6413431BF1}.Debug.Build.0 = Debug|Win32
		{FEAFE33B-F1B6-42F9-55F1-7E6413431BF1}.MemoryTracker.ActiveCfg = MemoryTracker|Win32
		{FEAFE33B-F1B6-42F9-55F1-7E6413431BF1}.MemoryTracker.Build.0 = MemoryTracker|Win32
		{FEAFE33B-F1B6-42F9-55F1-7E6413431BF1}.RefTracker.ActiveCfg = RefTracker|Win32
		{FEAFE33B-F1B6-42F9-55F1-7E6413431BF1}.RefTracker.Build.0 = RefTracker|Win32
		{FEAFE33B-F1B6-42F9-55F1-7E6413431BF1}.DebugPSReleaseCSCEL.ActiveCfg = DebugPSReleaseCSCEL|Win32
		{FEAFE33B-F1B6-42F9-55F1-7E6413431BF1}.DebugPSReleaseCSCEL.Build.0 = DebugPSReleaseCSCEL|Win32
		{D7B7BACC-11C8-CED6-DEEF-7CE8B0C8175E}.Release.ActiveCfg = Release|Win32
		{D7B7BACC-11C8-CED6-DEEF-7CE8B0C8175E}.Release.Build.0 = Release|Win32
		{D7B7BACC-11C8-CED6-DEEF-7CE8B0C8175E}.Debug.ActiveCfg = Debug|Win32
		{D7B7BACC-11C8-CED6-DEEF-7CE8B0C8175E}.Debug.Build.0 = Debug|Win32
		{D7B7BACC-11C8-CED6-DEEF-7CE8B0C8175E}.MemoryTracker.ActiveCfg = MemoryTracker|Win32
		{D7B7BACC-11C8-CED6-DEEF-7CE8B0C8175E}.MemoryTracker.Build.0 = MemoryTracker|Win32
		{D7B7BACC-11C8-CED6-DEEF-7CE8B0C8175E}.RefTracker.ActiveCfg = RefTracker|Win32
		{D7B7BACC-11C8-CED6-DEEF-7CE8B0C8175E}.RefTracker.Build.0 = RefTracker|Win32
		{D7B7BACC-11C8-CED6-DEEF-7CE8B0C8175E}.DebugPSReleaseCSCEL.ActiveCfg = DebugPSReleaseCSCEL|Win32
		{D7B7BACC-11C8-CED6-DEEF-7CE8B0C8175E}.DebugPSReleaseCSCEL.Build.0 = DebugPSReleaseCSCEL|Win32
		{8783816D-CE3F-5245-D95F-1D459D5A9FD5}.Release.ActiveCfg = Release|Win32
		{8783816D-CE3F-5245-D95F-1D459D5A9FD5}.Release.Build.0 = Release|Win32
		{8783816D-CE3F-5245-D95F-1D459D5A9FD5}.Debug.ActiveCfg = Debug|Win32
		{8783816D-CE3F-5245-D95F-1D459D5A9FD5}.Debug.Build.0 = Debug|Win32
		{8783816D-CE3F-5245-D95F-1D459D5A9FD5}.MemoryTracker.ActiveCfg = MemoryTracker|Win32
		{8783816D-CE3F-5245-D95F-1D459D5A9FD5}.MemoryTracker.Build.0 = MemoryTracker|Win32
		{8783816D-CE3F-5245-D95F-1D459D5A9FD5}.RefTracker.ActiveCfg = RefTracker|Win32
		{8783816D-CE3F-5245-D95F-1D459D5A9FD5}.RefTracker.Build.0 = RefTracker|Win32
		{8783816D-CE3F-5245-D95F-1D459D5A9FD5}.DebugPSReleaseCSCEL.ActiveCfg = DebugPSReleaseCSCEL|Win32
		{8783816D-CE3F-5245-D95F-1D459D5A9FD5}.DebugPSReleaseCSCEL.Build.0 = DebugPSReleaseCSCEL|Win32
		{2E2C8E39-B6EC-611F-FD00-1AF489F427F6}.Release.ActiveCfg = Release|Win32
		{2E2C8E39-B6EC-611F-FD00-1AF489F427F6}.Release.Build.0 = Release|Win32
		{2E2C8E39-B6EC-611F-FD00-1AF489F427F6}.Debug.ActiveCfg = Debug|Win32
		{2E2C8E39-B6EC-611F-FD00-1AF489F427F6}.Debug.Build.0 = Debug|Win32
		{2E2C8E39-B6EC-611F-FD00-1AF489F427F6}.MemoryTracker.ActiveCfg = MemoryTracker|Win32
		{2E2C8E39-B6EC-611F-FD00-1AF489F427F6}.MemoryTracker.Build.0 = MemoryTracker|Win32
		{2E2C8E39-B6EC-611F-FD00-1AF489F427F6}.RefTracker.ActiveCfg = RefTracker|Win32
		{2E2C8E39-B6EC-611F-FD00-1AF489F427F6}.RefTracker.Build.0 = RefTracker|Win32
		{2E2C8E39-B6EC-611F-FD00-1AF489F427F6}.DebugPSReleaseCSCEL.ActiveCfg = DebugPSReleaseCSCEL|Win32
		{2E2C8E39-B6EC-611F-FD00-1AF489F427F6}.DebugPSReleaseCSCEL.Build.0 = DebugPSReleaseCSCEL|Win32
		{54E717FD-1E32-4737-283B-F8EC3D55A60B}.Release.ActiveCfg = Release|Win32
		{54E717FD-1E32-4737-283B-F8EC3D55A60B}.Release.Build.0 = Release|Win32
		{54E717FD-1E32-4737-283B-F8EC3D55A60B}.Debug.ActiveCfg = Debug|Win32
		{54E717FD-1E32-4737-283B-F8EC3D55A60B}.Debug.Build.0 = Debug|Win32
		{54E717FD-1E32-4737-283B-F8EC3D55A60B}.MemoryTracker.ActiveCfg = MemoryTracker|Win32
		{54E717FD-1E32-4737-283B-F8EC3D55A60B}.MemoryTracker.Build.0 = MemoryTracker|Win32
		{54E717FD-1E32-4737-283B-F8EC3D55A60B}.RefTracker.ActiveCfg = RefTracker|Win32
		{54E717FD-1E32-4737-283B-F8EC3D55A60B}.RefTracker.Build.0 = RefTracker|Win32
		{54E717FD-1E32-4737-283B-F8EC3D55A60B}.DebugPSReleaseCSCEL.ActiveCfg = DebugPSReleaseCSCEL|Win32
		{54E717FD-1E32-4737-283B-F8EC3D55A60B}.DebugPSReleaseCSCEL.Build.0 = DebugPSReleaseCSCEL|Win32
		{85098870-AAFB-02B7-7CC4-D55B92503009}.Release.ActiveCfg = Release|Win32
		{85098870-AAFB-02B7-7CC4-D55B92503009}.Release.Build.0 = Release|Win32
		{85098870-AAFB-02B7-7CC4-D55B92503009}.Debug.ActiveCfg = Debug|Win32
		{85098870-AAFB-02B7-7CC4-D55B92503009}.Debug.Build.0 = Debug|Win32
		{85098870-AAFB-02B7-7CC4-D55B92503009}.MemoryTracker.ActiveCfg = MemoryTracker|Win32
		{85098870-AAFB-02B7-7CC4-D55B92503009}.MemoryTracker.Build.0 = MemoryTracker|Win32
		{85098870-AAFB-02B7-7CC4-D55B92503009}.RefTracker.ActiveCfg = RefTracker|Win32
		{85098870-AAFB-02B7-7CC4-D55B92503009}.RefTracker.Build.0 = RefTracker|Win32
		{85098870-AAFB-02B7-7CC4-D55B92503009}.DebugPSReleaseCSCEL.ActiveCfg = DebugPSReleaseCSCEL|Win32
		{85098870-AAFB-02B7-7CC4-D55B92503009}.DebugPSReleaseCSCEL.Build.0 = DebugPSReleaseCSCEL|Win32
		{4BFC8AEF-865D-48F0-4F52-A4368CACCD7C}.Release.ActiveCfg = Release|Win32
		{4BFC8AEF-865D-48F0-4F52-A4368CACCD7C}.Release.Build.0 = Release|Win32
		{4BFC8AEF-865D-48F0-4F52-A4368CACCD7C}.Debug.ActiveCfg = Debug|Win32
		{4BFC8AEF-865D-48F0-4F52-A4368CACCD7C}.Debug.Build.0 = Debug|Win32
		{4BFC8AEF-865D-48F0-4F52-A4368CACCD7C}.MemoryTracker.ActiveCfg = MemoryTracker|Win32
		{4BFC8AEF-865D-48F0-4F52-A4368CACCD7C}.MemoryTracker.Build.0 = MemoryTracker|Win32
		{4BFC8AEF-865D-48F0-4F52-A4368CACCD7C}.RefTracker.ActiveCfg = RefTracker|Win32
		{4BFC8AEF-865D-48F0-4F52-A4368CACCD7C}.RefTracker.Build.0 = RefTracker|Win32
		{4BFC8AEF-865D-48F0-4F52-A4368CACCD7C}.DebugPSReleaseCSCEL.ActiveCfg = DebugPSReleaseCSCEL|Win32
		{4BFC8AEF-865D-48F0-4F52-A4368CACCD7C}.DebugPSReleaseCSCEL.Build.0 = DebugPSReleaseCSCEL|Win32
		{8A10F246-B625-AFC6-8F33-4B13D92E2BEF}.Release.ActiveCfg = Release|Win32
		{8A10F246-B625-AFC6-8F33-4B13D92E2BEF}.Release.Build.0 = Release|Win32
		{8A10F246-B625-AFC6-8F33-4B13D92E2BEF}.Debug.ActiveCfg = Debug|Win32
		{8A10F246-B625-AFC6-8F33-4B13D92E2BEF}.Debug.Build.0 = Debug|Win32
		{8A10F246-B625-AFC6-8F33-4B13D92E2BEF}.MemoryTracker.ActiveCfg = MemoryTracker|Win32
		{8A10F246-B625-AFC6-8F33-4B13D92E2BEF}.MemoryTracker.Build.0 = MemoryTracker|Win32
		{8A10F246-B625-AFC6-8F33-4B13D92E2BEF}.RefTracker.ActiveCfg = RefTracker|Win32
		{8A10F246-B625-AFC6-8F33-4B13D92E2BEF}.RefTracker.Build.0 = RefTracker|Win32
		{8A10F246-B625-AFC6-8F33-4B13D92E2BEF}.DebugPSReleaseCSCEL.ActiveCfg = DebugPSReleaseCSCEL|Win32
		{8A10F246-B625-AFC6-8F33-4B13D92E2BEF}.DebugPSReleaseCSCEL.Build.0 = DebugPSReleaseCSCEL|Win32
		{B2FA6B12-DFA3-38AD-47A5-D0D41A483D01}.Release.ActiveCfg = Release|Win32
		{B2FA6B12-DFA3-38AD-47A5-D0D41A483D01}.Release.Build.0 = Release|Win32
		{B2FA6B12-DFA3-38AD-47A5-D0D41A483D01}.Debug.ActiveCfg = Debug|Win32
		{B2FA6B12-DFA3-38AD-47A5-D0D41A483D01}.Debug.Build.0 = Debug|Win32
		{B2FA6B12-DFA3-38AD-47A5-D0D41A483D01}.MemoryTracker.ActiveCfg = MemoryTracker|Win32
		{B2FA6B12-DFA3-38AD-47A5-D0D41A483D01}.MemoryTracker.Build.0 = MemoryTracker|Win32
		{B2FA6B12-DFA3-38AD-47A5-D0D41A483D01}.RefTracker.ActiveCfg = RefTracker|Win32
		{B2FA6B12-DFA3-38AD-47A5-D0D41A483D01}.RefTracker.Build.0 = RefTracker|Win32
		{B2FA6B12-DFA3-38AD-47A5-D0D41A483D01}.DebugPSReleaseCSCEL.ActiveCfg = DebugPSReleaseCSCEL|Win32
		{B2FA6B12-DFA3-38AD-47A5-D0D41A483D01}.DebugPSReleaseCSCEL.Build.0 = DebugPSReleaseCSCEL|Win32
		{C871293C-0F47-8126-8458-FA24A10847D5}.Release.ActiveCfg = Release|Win32
		{C871293C-0F47-8126-8458-FA24A10847D5}.Release.Build.0 = Release|Win32
		{C871293C-0F47-8126-8458-FA24A10847D5}.Debug.ActiveCfg = Debug|Win32
		{C871293C-0F47-8126-8458-FA24A10847D5}.Debug.Build.0 = Debug|Win32
		{C871293C-0F47-8126-8458-FA24A10847D5}.MemoryTracker.ActiveCfg = MemoryTracker|Win32
		{C871293C-0F47-8126-8458-FA24A10847D5}.MemoryTracker.Build.0 = MemoryTracker|Win32
		{C871293C-0F47-8126-8458-FA24A10847D5}.RefTracker.ActiveCfg = RefTracker|Win32
		{C871293C-0F47-8126-8458-FA24A10847D5}.RefTracker.Build.0 = RefTracker|Win32
		{C871293C-0F47-8126-8458-FA24A10847D5}.DebugPSReleaseCSCEL.ActiveCfg = DebugPSReleaseCSCEL|Win32
		{C871293C-0F47-8126-8458-FA24A10847D5}.DebugPSReleaseCSCEL.Build.0 = DebugPSReleaseCSCEL|Win32
		{44689D68-F60B-F78C-02E4-1659987614BD}.Release.ActiveCfg = Release|Win32
		{44689D68-F60B-F78C-02E4-1659987614BD}.Release.Build.0 = Release|Win32
		{44689D68-F60B-F78C-02E4-1659987614BD}.Debug.ActiveCfg = Debug|Win32
		{44689D68-F60B-F78C-02E4-1659987614BD}.Debug.Build.0 = Debug|Win32
		{44689D68-F60B-F78C-02E4-1659987614BD}.MemoryTracker.ActiveCfg = MemoryTracker|Win32
		{44689D68-F60B-F78C-02E4-1659987614BD}.MemoryTracker.Build.0 = MemoryTracker|Win32
		{44689D68-F60B-F78C-02E4-1659987614BD}.RefTracker.ActiveCfg = RefTracker|Win32
		{44689D68-F60B-F78C-02E4-1659987614BD}.RefTracker.Build.0 = RefTracker|Win32
		{44689D68-F60B-F78C-02E4-1659987614BD}.DebugPSReleaseCSCEL.ActiveCfg = DebugPSReleaseCSCEL|Win32
		{44689D68-F60B-F78C-02E4-1659987614BD}.DebugPSReleaseCSCEL.Build.0 = DebugPSReleaseCSCEL|Win32
		{A04BE757-E4C1-A003-8FDB-47430BC64269}.Release.ActiveCfg = Release|Win32
		{A04BE757-E4C1-A003-8FDB-47430BC64269}.Release.Build.0 = Release|Win32
		{A04BE757-E4C1-A003-8FDB-47430BC64269}.Debug.ActiveCfg = Debug|Win32
		{A04BE757-E4C1-A003-8FDB-47430BC64269}.Debug.Build.0 = Debug|Win32
		{A04BE757-E4C1-A003-8FDB-47430BC64269}.MemoryTracker.ActiveCfg = MemoryTracker|Win32
		{A04BE757-E4C1-A003-8FDB-47430BC64269}.MemoryTracker.Build.0 = MemoryTracker|Win32
		{A04BE757-E4C1-A003-8FDB-47430BC64269}.RefTracker.ActiveCfg = RefTracker|Win32
		{A04BE757-E4C1-A003-8FDB-47430BC64269}.RefTracker.Build.0 = RefTracker|Win32
		{A04BE757-E4C1-A003-8FDB-47430BC64269}.DebugPSReleaseCSCEL.ActiveCfg = DebugPSReleaseCSCEL|Win32
		{A04BE757-E4C1-A003-8FDB-47430BC64269}.DebugPSReleaseCSCEL.Build.0 = DebugPSReleaseCSCEL|Win32
		{56CFA369-1F2F-7609-9E86-069C1B5F5651}.Release.ActiveCfg = Release|Win32
		{56CFA369-1F2F-7609-9E86-069C1B5F5651}.Release.Build.0 = Release|Win32
		{56CFA369-1F2F-7609-9E86-069C1B5F5651}.Debug.ActiveCfg = Debug|Win32
		{56CFA369-1F2F-7609-9E86-069C1B5F5651}.Debug.Build.0 = Debug|Win32
		{56CFA369-1F2F-7609-9E86-069C1B5F5651}.MemoryTracker.ActiveCfg = MemoryTracker|Win32
		{56CFA369-1F2F-7609-9E86-069C1B5F5651}.MemoryTracker.Build.0 = MemoryTracker|Win32
		{56CFA369-1F2F-7609-9E86-069C1B5F5651}.RefTracker.ActiveCfg = RefTracker|Win32
		{56CFA369-1F2F-7609-9E86-069C1B5F5651}.RefTracker.Build.0 = RefTracker|Win32
		{56CFA369-1F2F-7609-9E86-069C1B5F5651}.DebugPSReleaseCSCEL.ActiveCfg = DebugPSReleaseCSCEL|Win32
		{56CFA369-1F2F-7609-9E86-069C1B5F5651}.DebugPSReleaseCSCEL.Build.0 = DebugPSReleaseCSCEL|Win32
		{CB174702-BB9B-E18A-7352-E9B7326EB494}.Release.ActiveCfg = Release|Win32
		{CB174702-BB9B-E18A-7352-E9B7326EB494}.Release.Build.0 = Release|Win32
		{CB174702-BB9B-E18A-7352-E9B7326EB494}.Debug.ActiveCfg = Debug|Win32
		{CB174702-BB9B-E18A-7352-E9B7326EB494}.Debug.Build.0 = Debug|Win32
		{CB174702-BB9B-E18A-7352-E9B7326EB494}.MemoryTracker.ActiveCfg = MemoryTracker|Win32
		{CB174702-BB9B-E18A-7352-E9B7326EB494}.MemoryTracker.Build.0 = MemoryTracker|Win32
		{CB174702-BB9B-E18A-7352-E9B7326EB494}.RefTracker.ActiveCfg = RefTracker|Win32
		{CB174702-BB9B-E18A-7352-E9B7326EB494}.RefTracker.Build.0 = RefTracker|Win32
		{CB174702-BB9B-E18A-7352-E9B7326EB494}.DebugPSReleaseCSCEL.ActiveCfg = DebugPSReleaseCSCEL|Win32
		{CB174702-BB9B-E18A-7352-E9B7326EB494}.DebugPSReleaseCSCEL.Build.0 = DebugPSReleaseCSCEL|Win32
		{50E607EE-8026-ADD6-213E-6EE7F95FDFB1}.Release.ActiveCfg = Release|Win32
		{50E607EE-8026-ADD6-213E-6EE7F95FDFB1}.Release.Build.0 = Release|Win32
		{50E607EE-8026-ADD6-213E-6EE7F95FDFB1}.Debug.ActiveCfg = Debug|Win32
		{50E607EE-8026-ADD6-213E-6EE7F95FDFB1}.Debug.Build.0 = Debug|Win32
		{50E607EE-8026-ADD6-213E-6EE7F95FDFB1}.MemoryTracker.ActiveCfg = MemoryTracker|Win32
		{50E607EE-8026-ADD6-213E-6EE7F95FDFB1}.MemoryTracker.Build.0 = MemoryTracker|Win32
		{50E607EE-8026-ADD6-213E-6EE7F95FDFB1}.RefTracker.ActiveCfg = RefTracker|Win32
		{50E607EE-8026-ADD6-213E-6EE7F95FDFB1}.RefTracker.Build.0 = RefTracker|Win32
		{50E607EE-8026-ADD6-213E-6EE7F95FDFB1}.DebugPSReleaseCSCEL.ActiveCfg = DebugPSReleaseCSCEL|Win32
		{50E607EE-8026-ADD6-213E-6EE7F95FDFB1}.DebugPSReleaseCSCEL.Build.0 = DebugPSReleaseCSCEL|Win32
		{8B42FE9F-3E16-6CD1-D6C2-A04C37417888}.Release.ActiveCfg = Release|Win32
		{8B42FE9F-3E16-6CD1-D6C2-A04C37417888}.Release.Build.0 = Release|Win32
		{8B42FE9F-3E16-6CD1-D6C2-A04C37417888}.Debug.ActiveCfg = Debug|Win32
		{8B42FE9F-3E16-6CD1-D6C2-A04C37417888}.Debug.Build.0 = Debug|Win32
		{8B42FE9F-3E16-6CD1-D6C2-A04C37417888}.MemoryTracker.ActiveCfg = MemoryTracker|Win32
		{8B42FE9F-3E16-6CD1-D6C2-A04C37417888}.MemoryTracker.Build.0 = MemoryTracker|Win32
		{8B42FE9F-3E16-6CD1-D6C2-A04C37417888}.RefTracker.ActiveCfg = RefTracker|Win32
		{8B42FE9F-3E16-6CD1-D6C2-A04C37417888}.RefTracker.Build.0 = RefTracker|Win32
		{8B42FE9F-3E16-6CD1-D6C2-A04C37417888}.DebugPSReleaseCSCEL.ActiveCfg = DebugPSReleaseCSCEL|Win32
		{8B42FE9F-3E16-6CD1-D6C2-A04C37417888}.DebugPSReleaseCSCEL.Build.0 = DebugPSReleaseCSCEL|Win32
		{DCD16C71-CB69-046C-3AF4-8BBDA8CD0361}.Release.ActiveCfg = Release|Win32
		{DCD16C71-CB69-046C-3AF4-8BBDA8CD0361}.Release.Build.0 = Release|Win32
		{DCD16C71-CB69-046C-3AF4-8BBDA8CD0361}.Debug.ActiveCfg = Debug|Win32
		{DCD16C71-CB69-046C-3AF4-8BBDA8CD0361}.Debug.Build.0 = Debug|Win32
		{DCD16C71-CB69-046C-3AF4-8BBDA8CD0361}.MemoryTracker.ActiveCfg = MemoryTracker|Win32
		{DCD16C71-CB69-046C-3AF4-8BBDA8CD0361}.MemoryTracker.Build.0 = MemoryTracker|Win32
		{DCD16C71-CB69-046C-3AF4-8BBDA8CD0361}.RefTracker.ActiveCfg = RefTracker|Win32
		{DCD16C71-CB69-046C-3AF4-8BBDA8CD0361}.RefTracker.Build.0 = RefTracker|Win32
		{DCD16C71-CB69-046C-3AF4-8BBDA8CD0361}.DebugPSReleaseCSCEL.ActiveCfg = DebugPSReleaseCSCEL|Win32
		{DCD16C71-CB69-046C-3AF4-8BBDA8CD0361}.DebugPSReleaseCSCEL.Build.0 = DebugPSReleaseCSCEL|Win32
		{4B7B2CDB-4DE7-2E3D-0FF6-EA8AC90E4A27}.Release.ActiveCfg = Release|Win32
		{4B7B2CDB-4DE7-2E3D-0FF6-EA8AC90E4A27}.Release.Build.0 = Release|Win32
		{4B7B2CDB-4DE7-2E3D-0FF6-EA8AC90E4A27}.Debug.ActiveCfg = Debug|Win32
		{4B7B2CDB-4DE7-2E3D-0FF6-EA8AC90E4A27}.Debug.Build.0 = Debug|Win32
		{4B7B2CDB-4DE7-2E3D-0FF6-EA8AC90E4A27}.MemoryTracker.ActiveCfg = MemoryTracker|Win32
		{4B7B2CDB-4DE7-2E3D-0FF6-EA8AC90E4A27}.MemoryTracker.Build.0 = MemoryTracker|Win32
		{4B7B2CDB-4DE7-2E3D-0FF6-EA8AC90E4A27}.RefTracker.ActiveCfg = RefTracker|Win32
		{4B7B2CDB-4DE7-2E3D-0FF6-EA8AC90E4A27}.RefTracker.Build.0 = RefTracker|Win32
		{4B7B2CDB-4DE7-2E3D-0FF6-EA8AC90E4A27}.DebugPSReleaseCSCEL.ActiveCfg = DebugPSReleaseCSCEL|Win32
		{4B7B2CDB-4DE7-2E3D-0FF6-EA8AC90E4A27}.DebugPSReleaseCSCEL.Build.0 = DebugPSReleaseCSCEL|Win32
		{C0CD3069-8659-1151-26AC-40C98186358B}.Release.ActiveCfg = Release|Win32
		{C0CD3069-8659-1151-26AC-40C98186358B}.Release.Build.0 = Release|Win32
		{C0CD3069-8659-1151-26AC-40C98186358B}.Debug.ActiveCfg = Debug|Win32
		{C0CD3069-8659-1151-26AC-40C98186358B}.Debug.Build.0 = Debug|Win32
		{C0CD3069-8659-1151-26AC-40C98186358B}.MemoryTracker.ActiveCfg = MemoryTracker|Win32
		{C0CD3069-8659-1151-26AC-40C98186358B}.MemoryTracker.Build.0 = MemoryTracker|Win32
		{C0CD3069-8659-1151-26AC-40C98186358B}.RefTracker.ActiveCfg = RefTracker|Win32
		{C0CD3069-8659-1151-26AC-40C98186358B}.RefTracker.Build.0 = RefTracker|Win32
		{C0CD3069-8659-1151-26AC-40C98186358B}.DebugPSReleaseCSCEL.ActiveCfg = DebugPSReleaseCSCEL|Win32
		{C0CD3069-8659-1151-26AC-40C98186358B}.DebugPSReleaseCSCEL.Build.0 = DebugPSReleaseCSCEL|Win32
		{D9DEA6DD-ED82-1526-6BBF-851FF399854C}.Release.ActiveCfg = Release|Win32
		{D9DEA6DD-ED82-1526-6BBF-851FF399854C}.Release.Build.0 = Release|Win32
		{D9DEA6DD-ED82-1526-6BBF-851FF399854C}.Debug.ActiveCfg = Debug|Win32
		{D9DEA6DD-ED82-1526-6BBF-851FF399854C}.Debug.Build.0 = Debug|Win32
		{D9DEA6DD-ED82-1526-6BBF-851FF399854C}.MemoryTracker.ActiveCfg = MemoryTracker|Win32
		{D9DEA6DD-ED82-1526-6BBF-851FF399854C}.MemoryTracker.Build.0 = MemoryTracker|Win32
		{D9DEA6DD-ED82-1526-6BBF-851FF399854C}.RefTracker.ActiveCfg = RefTracker|Win32
		{D9DEA6DD-ED82-1526-6BBF-851FF399854C}.RefTracker.Build.0 = RefTracker|Win32
		{D9DEA6DD-ED82-1526-6BBF-851FF399854C}.DebugPSReleaseCSCEL.ActiveCfg = DebugPSReleaseCSCEL|Win32
		{D9DEA6DD-ED82-1526-6BBF-851FF399854C}.DebugPSReleaseCSCEL.Build.0 = DebugPSReleaseCSCEL|Win32
		{44F637AC-3D1B-9DC4-22C0-3F216BF1EB41}.Release.ActiveCfg = Release|Win32
		{44F637AC-3D1B-9DC4-22C0-3F216BF1EB41}.Release.Build.0 = Release|Win32
		{44F637AC-3D1B-9DC4-22C0-3F216BF1EB41}.Debug.ActiveCfg = Debug|Win32
		{44F637AC-3D1B-9DC4-22C0-3F216BF1EB41}.Debug.Build.0 = Debug|Win32
		{44F637AC-3D1B-9DC4-22C0-3F216BF1EB41}.MemoryTracker.ActiveCfg = MemoryTracker|Win32
		{44F637AC-3D1B-9DC4-22C0-3F216BF1EB41}.MemoryTracker.Build.0 = MemoryTracker|Win32
		{44F637AC-3D1B-9DC4-22C0-3F216BF1EB41}.RefTracker.ActiveCfg = RefTracker|Win32
		{44F637AC-3D1B-9DC4-22C0-3F216BF1EB41}.RefTracker.Build.0 = RefTracker|Win32
		{44F637AC-3D1B-9DC4-22C0-3F216BF1EB41}.DebugPSReleaseCSCEL.ActiveCfg = DebugPSReleaseCSCEL|Win32
		{44F637AC-3D1B-9DC4-22C0-3F216BF1EB41}.DebugPSReleaseCSCEL.Build.0 = DebugPSReleaseCSCEL|Win32
	EndGlobalSection
	GlobalSection(ExtensibilityGlobals) = postSolution
	EndGlobalSection
	GlobalSection(ExtensibilityAddIns) = postSolution
	EndGlobalSection
EndGlobal
